
Microsoft Visual Studio Solution File, Format Version 12.00
# Visual Studio 15
VisualStudioVersion = 15.0.28307.438
MinimumVisualStudioVersion = 10.0.40219.1
Project("{FAE04EC0-301F-11D3-BF4B-00C04F79EFBC}") = "FulfillmentGo.Android", "FulfillmentGo\FulfillmentGo.Android\FulfillmentGo.Android.csproj", "{9AEE401A-AF6E-4B88-95BF-53D57F1A28AA}"
EndProject
Project("{FAE04EC0-301F-11D3-BF4B-00C04F79EFBC}") = "FulfillmentGo.iOS", "FulfillmentGo\FulfillmentGo.iOS\FulfillmentGo.iOS.csproj", "{8B2013B1-80E1-4987-9399-A5726E3BE065}"
EndProject
Project("{9A19103F-16F7-4668-BE54-9A1E7A4F7556}") = "FulfillmentGo", "FulfillmentGo\FulfillmentGo\FulfillmentGo.csproj", "{77633349-64DC-49B4-B33D-BA1193475F19}"
EndProject
Global
	GlobalSection(SolutionConfigurationPlatforms) = preSolution
		Ad-Hoc|Any CPU = Ad-Hoc|Any CPU
		Ad-Hoc|iPhone = Ad-Hoc|iPhone
		Ad-Hoc|iPhoneSimulator = Ad-Hoc|iPhoneSimulator
		AppStore|Any CPU = AppStore|Any CPU
		AppStore|iPhone = AppStore|iPhone
		AppStore|iPhoneSimulator = AppStore|iPhoneSimulator
		Debug|Any CPU = Debug|Any CPU
		Debug|iPhone = Debug|iPhone
		Debug|iPhoneSimulator = Debug|iPhoneSimulator
		Release|Any CPU = Release|Any CPU
		Release|iPhone = Release|iPhone
		Release|iPhoneSimulator = Release|iPhoneSimulator
	EndGlobalSection
	GlobalSection(ProjectConfigurationPlatforms) = postSolution
		{9AEE401A-AF6E-4B88-95BF-53D57F1A28AA}.Ad-Hoc|Any CPU.ActiveCfg = Release|Any CPU
		{9AEE401A-AF6E-4B88-95BF-53D57F1A28AA}.Ad-Hoc|Any CPU.Build.0 = Release|Any CPU
		{9AEE401A-AF6E-4B88-95BF-53D57F1A28AA}.Ad-Hoc|Any CPU.Deploy.0 = Release|Any CPU
		{9AEE401A-AF6E-4B88-95BF-53D57F1A28AA}.Ad-Hoc|iPhone.ActiveCfg = Release|Any CPU
		{9AEE401A-AF6E-4B88-95BF-53D57F1A28AA}.Ad-Hoc|iPhone.Build.0 = Release|Any CPU
		{9AEE401A-AF6E-4B88-95BF-53D57F1A28AA}.Ad-Hoc|iPhone.Deploy.0 = Release|Any CPU
		{9AEE401A-AF6E-4B88-95BF-53D57F1A28AA}.Ad-Hoc|iPhoneSimulator.ActiveCfg = Release|Any CPU
		{9AEE401A-AF6E-4B88-95BF-53D57F1A28AA}.Ad-Hoc|iPhoneSimulator.Build.0 = Release|Any CPU
		{9AEE401A-AF6E-4B88-95BF-53D57F1A28AA}.Ad-Hoc|iPhoneSimulator.Deploy.0 = Release|Any CPU
		{9AEE401A-AF6E-4B88-95BF-53D57F1A28AA}.AppStore|Any CPU.ActiveCfg = Release|Any CPU
		{9AEE401A-AF6E-4B88-95BF-53D57F1A28AA}.AppStore|Any CPU.Build.0 = Release|Any CPU
		{9AEE401A-AF6E-4B88-95BF-53D57F1A28AA}.AppStore|Any CPU.Deploy.0 = Release|Any CPU
		{9AEE401A-AF6E-4B88-95BF-53D57F1A28AA}.AppStore|iPhone.ActiveCfg = Release|Any CPU
		{9AEE401A-AF6E-4B88-95BF-53D57F1A28AA}.AppStore|iPhone.Build.0 = Release|Any CPU
		{9AEE401A-AF6E-4B88-95BF-53D57F1A28AA}.AppStore|iPhone.Deploy.0 = Release|Any CPU
		{9AEE401A-AF6E-4B88-95BF-53D57F1A28AA}.AppStore|iPhoneSimulator.ActiveCfg = Release|Any CPU
		{9AEE401A-AF6E-4B88-95BF-53D57F1A28AA}.AppStore|iPhoneSimulator.Build.0 = Release|Any CPU
		{9AEE401A-AF6E-4B88-95BF-53D57F1A28AA}.AppStore|iPhoneSimulator.Deploy.0 = Release|Any CPU
		{9AEE401A-AF6E-4B88-95BF-53D57F1A28AA}.Debug|Any CPU.ActiveCfg = Debug|Any CPU
		{9AEE401A-AF6E-4B88-95BF-53D57F1A28AA}.Debug|Any CPU.Build.0 = Debug|Any CPU
		{9AEE401A-AF6E-4B88-95BF-53D57F1A28AA}.Debug|Any CPU.Deploy.0 = Debug|Any CPU
		{9AEE401A-AF6E-4B88-95BF-53D57F1A28AA}.Debug|iPhone.ActiveCfg = Debug|Any CPU
		{9AEE401A-AF6E-4B88-95BF-53D57F1A28AA}.Debug|iPhone.Build.0 = Debug|Any CPU
		{9AEE401A-AF6E-4B88-95BF-53D57F1A28AA}.Debug|iPhone.Deploy.0 = Debug|Any CPU
		{9AEE401A-AF6E-4B88-95BF-53D57F1A28AA}.Debug|iPhoneSimulator.ActiveCfg = Debug|Any CPU
		{9AEE401A-AF6E-4B88-95BF-53D57F1A28AA}.Debug|iPhoneSimulator.Build.0 = Debug|Any CPU
		{9AEE401A-AF6E-4B88-95BF-53D57F1A28AA}.Debug|iPhoneSimulator.Deploy.0 = Debug|Any CPU
		{9AEE401A-AF6E-4B88-95BF-53D57F1A28AA}.Release|Any CPU.ActiveCfg = Release|Any CPU
		{9AEE401A-AF6E-4B88-95BF-53D57F1A28AA}.Release|Any CPU.Build.0 = Release|Any CPU
		{9AEE401A-AF6E-4B88-95BF-53D57F1A28AA}.Release|Any CPU.Deploy.0 = Release|Any CPU
		{9AEE401A-AF6E-4B88-95BF-53D57F1A28AA}.Release|iPhone.ActiveCfg = Release|Any CPU
		{9AEE401A-AF6E-4B88-95BF-53D57F1A28AA}.Release|iPhone.Build.0 = Release|Any CPU
		{9AEE401A-AF6E-4B88-95BF-53D57F1A28AA}.Release|iPhone.Deploy.0 = Release|Any CPU
		{9AEE401A-AF6E-4B88-95BF-53D57F1A28AA}.Release|iPhoneSimulator.ActiveCfg = Release|Any CPU
		{9AEE401A-AF6E-4B88-95BF-53D57F1A28AA}.Release|iPhoneSimulator.Build.0 = Release|Any CPU
		{9AEE401A-AF6E-4B88-95BF-53D57F1A28AA}.Release|iPhoneSimulator.Deploy.0 = Release|Any CPU
		{8B2013B1-80E1-4987-9399-A5726E3BE065}.Ad-Hoc|Any CPU.ActiveCfg = Ad-Hoc|iPhone
		{8B2013B1-80E1-4987-9399-A5726E3BE065}.Ad-Hoc|Any CPU.Build.0 = Ad-Hoc|iPhone
		{8B2013B1-80E1-4987-9399-A5726E3BE065}.Ad-Hoc|Any CPU.Deploy.0 = Ad-Hoc|iPhone
		{8B2013B1-80E1-4987-9399-A5726E3BE065}.Ad-Hoc|iPhone.ActiveCfg = Ad-Hoc|iPhone
		{8B2013B1-80E1-4987-9399-A5726E3BE065}.Ad-Hoc|iPhone.Build.0 = Ad-Hoc|iPhone
		{8B2013B1-80E1-4987-9399-A5726E3BE065}.Ad-Hoc|iPhone.Deploy.0 = Ad-Hoc|iPhone
		{8B2013B1-80E1-4987-9399-A5726E3BE065}.Ad-Hoc|iPhoneSimulator.ActiveCfg = Ad-Hoc|iPhoneSimulator
		{8B2013B1-80E1-4987-9399-A5726E3BE065}.Ad-Hoc|iPhoneSimulator.Build.0 = Ad-Hoc|iPhoneSimulator
		{8B2013B1-80E1-4987-9399-A5726E3BE065}.Ad-Hoc|iPhoneSimulator.Deploy.0 = Ad-Hoc|iPhoneSimulator
		{8B2013B1-80E1-4987-9399-A5726E3BE065}.AppStore|Any CPU.ActiveCfg = AppStore|iPhone
		{8B2013B1-80E1-4987-9399-A5726E3BE065}.AppStore|Any CPU.Build.0 = AppStore|iPhone
		{8B2013B1-80E1-4987-9399-A5726E3BE065}.AppStore|Any CPU.Deploy.0 = AppStore|iPhone
		{8B2013B1-80E1-4987-9399-A5726E3BE065}.AppStore|iPhone.ActiveCfg = AppStore|iPhone
		{8B2013B1-80E1-4987-9399-A5726E3BE065}.AppStore|iPhone.Build.0 = AppStore|iPhone
		{8B2013B1-80E1-4987-9399-A5726E3BE065}.AppStore|iPhone.Deploy.0 = AppStore|iPhone
		{8B2013B1-80E1-4987-9399-A5726E3BE065}.AppStore|iPhoneSimulator.ActiveCfg = AppStore|iPhoneSimulator
		{8B2013B1-80E1-4987-9399-A5726E3BE065}.AppStore|iPhoneSimulator.Build.0 = AppStore|iPhoneSimulator
		{8B2013B1-80E1-4987-9399-A5726E3BE065}.AppStore|iPhoneSimulator.Deploy.0 = AppStore|iPhoneSimulator
		{8B2013B1-80E1-4987-9399-A5726E3BE065}.Debug|Any CPU.ActiveCfg = Debug|iPhoneSimulator
		{8B2013B1-80E1-4987-9399-A5726E3BE065}.Debug|Any CPU.Build.0 = Debug|iPhoneSimulator
		{8B2013B1-80E1-4987-9399-A5726E3BE065}.Debug|Any CPU.Deploy.0 = Debug|iPhoneSimulator
		{8B2013B1-80E1-4987-9399-A5726E3BE065}.Debug|iPhone.ActiveCfg = Debug|iPhone
		{8B2013B1-80E1-4987-9399-A5726E3BE065}.Debug|iPhone.Build.0 = Debug|iPhone
		{8B2013B1-80E1-4987-9399-A5726E3BE065}.Debug|iPhone.Deploy.0 = Debug|iPhone
		{8B2013B1-80E1-4987-9399-A5726E3BE065}.Debug|iPhoneSimulator.ActiveCfg = Debug|iPhoneSimulator
		{8B2013B1-80E1-4987-9399-A5726E3BE065}.Debug|iPhoneSimulator.Build.0 = Debug|iPhoneSimulator
		{8B2013B1-80E1-4987-9399-A5726E3BE065}.Debug|iPhoneSimulator.Deploy.0 = Debug|iPhoneSimulator
		{8B2013B1-80E1-4987-9399-A5726E3BE065}.Release|Any CPU.ActiveCfg = Release|iPhone
		{8B2013B1-80E1-4987-9399-A5726E3BE065}.Release|Any CPU.Build.0 = Release|iPhone
		{8B2013B1-80E1-4987-9399-A5726E3BE065}.Release|Any CPU.Deploy.0 = Release|iPhone
		{8B2013B1-80E1-4987-9399-A5726E3BE065}.Release|iPhone.ActiveCfg = Release|iPhone
		{8B2013B1-80E1-4987-9399-A5726E3BE065}.Release|iPhone.Build.0 = Release|iPhone
		{8B2013B1-80E1-4987-9399-A5726E3BE065}.Release|iPhone.Deploy.0 = Release|iPhone
		{8B2013B1-80E1-4987-9399-A5726E3BE065}.Release|iPhoneSimulator.ActiveCfg = Release|iPhoneSimulator
		{8B2013B1-80E1-4987-9399-A5726E3BE065}.Release|iPhoneSimulator.Build.0 = Release|iPhoneSimulator
		{8B2013B1-80E1-4987-9399-A5726E3BE065}.Release|iPhoneSimulator.Deploy.0 = Release|iPhoneSimulator
		{77633349-64DC-49B4-B33D-BA1193475F19}.Ad-Hoc|Any CPU.ActiveCfg = Debug|Any CPU
		{77633349-64DC-49B4-B33D-BA1193475F19}.Ad-Hoc|Any CPU.Build.0 = Debug|Any CPU
		{77633349-64DC-49B4-B33D-BA1193475F19}.Ad-Hoc|Any CPU.Deploy.0 = Debug|Any CPU
		{77633349-64DC-49B4-B33D-BA1193475F19}.Ad-Hoc|iPhone.ActiveCfg = Debug|Any CPU
		{77633349-64DC-49B4-B33D-BA1193475F19}.Ad-Hoc|iPhone.Build.0 = Debug|Any CPU
		{77633349-64DC-49B4-B33D-BA1193475F19}.Ad-Hoc|iPhone.Deploy.0 = Debug|Any CPU
		{77633349-64DC-49B4-B33D-BA1193475F19}.Ad-Hoc|iPhoneSimulator.ActiveCfg = Debug|Any CPU
		{77633349-64DC-49B4-B33D-BA1193475F19}.Ad-Hoc|iPhoneSimulator.Build.0 = Debug|Any CPU
		{77633349-64DC-49B4-B33D-BA1193475F19}.Ad-Hoc|iPhoneSimulator.Deploy.0 = Debug|Any CPU
		{77633349-64DC-49B4-B33D-BA1193475F19}.AppStore|Any CPU.ActiveCfg = Debug|Any CPU
		{77633349-64DC-49B4-B33D-BA1193475F19}.AppStore|Any CPU.Build.0 = Debug|Any CPU
		{77633349-64DC-49B4-B33D-BA1193475F19}.AppStore|Any CPU.Deploy.0 = Debug|Any CPU
		{77633349-64DC-49B4-B33D-BA1193475F19}.AppStore|iPhone.ActiveCfg = Debug|Any CPU
		{77633349-64DC-49B4-B33D-BA1193475F19}.AppStore|iPhone.Build.0 = Debug|Any CPU
		{77633349-64DC-49B4-B33D-BA1193475F19}.AppStore|iPhone.Deploy.0 = Debug|Any CPU
		{77633349-64DC-49B4-B33D-BA1193475F19}.AppStore|iPhoneSimulator.ActiveCfg = Debug|Any CPU
		{77633349-64DC-49B4-B33D-BA1193475F19}.AppStore|iPhoneSimulator.Build.0 = Debug|Any CPU
		{77633349-64DC-49B4-B33D-BA1193475F19}.AppStore|iPhoneSimulator.Deploy.0 = Debug|Any CPU
		{77633349-64DC-49B4-B33D-BA1193475F19}.Debug|Any CPU.ActiveCfg = Debug|Any CPU
		{77633349-64DC-49B4-B33D-BA1193475F19}.Debug|Any CPU.Build.0 = Debug|Any CPU
		{77633349-64DC-49B4-B33D-BA1193475F19}.Debug|Any CPU.Deploy.0 = Debug|Any CPU
		{77633349-64DC-49B4-B33D-BA1193475F19}.Debug|iPhone.ActiveCfg = Debug|Any CPU
		{77633349-64DC-49B4-B33D-BA1193475F19}.Debug|iPhone.Build.0 = Debug|Any CPU
		{77633349-64DC-49B4-B33D-BA1193475F19}.Debug|iPhone.Deploy.0 = Debug|Any CPU
		{77633349-64DC-49B4-B33D-BA1193475F19}.Debug|iPhoneSimulator.ActiveCfg = Debug|Any CPU
		{77633349-64DC-49B4-B33D-BA1193475F19}.Debug|iPhoneSimulator.Build.0 = Debug|Any CPU
		{77633349-64DC-49B4-B33D-BA1193475F19}.Debug|iPhoneSimulator.Deploy.0 = Debug|Any CPU
		{77633349-64DC-49B4-B33D-BA1193475F19}.Release|Any CPU.ActiveCfg = Release|Any CPU
		{77633349-64DC-49B4-B33D-BA1193475F19}.Release|Any CPU.Build.0 = Release|Any CPU
		{77633349-64DC-49B4-B33D-BA1193475F19}.Release|Any CPU.Deploy.0 = Release|Any CPU
		{77633349-64DC-49B4-B33D-BA1193475F19}.Release|iPhone.ActiveCfg = Release|Any CPU
		{77633349-64DC-49B4-B33D-BA1193475F19}.Release|iPhone.Build.0 = Release|Any CPU
		{77633349-64DC-49B4-B33D-BA1193475F19}.Release|iPhone.Deploy.0 = Release|Any CPU
		{77633349-64DC-49B4-B33D-BA1193475F19}.Release|iPhoneSimulator.ActiveCfg = Release|Any CPU
		{77633349-64DC-49B4-B33D-BA1193475F19}.Release|iPhoneSimulator.Build.0 = Release|Any CPU
		{77633349-64DC-49B4-B33D-BA1193475F19}.Release|iPhoneSimulator.Deploy.0 = Release|Any CPU
	EndGlobalSection
	GlobalSection(SolutionProperties) = preSolution
		HideSolutionNode = FALSE
	EndGlobalSection
	GlobalSection(ExtensibilityGlobals) = postSolution
		SolutionGuid = {86F60568-9AB5-4D2C-BF82-769ECD350541}
	EndGlobalSection
EndGlobal
